// !$*UTF8*$!
{
	archiveVersion = 1;
	classes = {
	};
	objectVersion = 48;
	objects = {

/* Begin PBXBuildFile section */
		03076D511FE5BD0E00214571 /* AppDelegate.swift in Sources */ = {isa = PBXBuildFile; fileRef = 03076D501FE5BD0E00214571 /* AppDelegate.swift */; };
		03076D531FE5BD0E00214571 /* ViewController.swift in Sources */ = {isa = PBXBuildFile; fileRef = 03076D521FE5BD0E00214571 /* ViewController.swift */; };
		03076D561FE5BD0E00214571 /* Main.storyboard in Resources */ = {isa = PBXBuildFile; fileRef = 03076D541FE5BD0E00214571 /* Main.storyboard */; };
		03076D581FE5BD0E00214571 /* Assets.xcassets in Resources */ = {isa = PBXBuildFile; fileRef = 03076D571FE5BD0E00214571 /* Assets.xcassets */; };
		03076D5B1FE5BD0E00214571 /* LaunchScreen.storyboard in Resources */ = {isa = PBXBuildFile; fileRef = 03076D591FE5BD0E00214571 /* LaunchScreen.storyboard */; };
		03076D631FE5C24700214571 /* Shader.metal in Sources */ = {isa = PBXBuildFile; fileRef = 03076D621FE5C24700214571 /* Shader.metal */; };
		F90E8C4A1FE78ECD000D65F1 /* Metal.framework in Frameworks */ = {isa = PBXBuildFile; fileRef = F90E8C491FE78ECD000D65F1 /* Metal.framework */; };
		F90E8C4C1FE78F5C000D65F1 /* MetalKit.framework in Frameworks */ = {isa = PBXBuildFile; fileRef = F90E8C4B1FE78F5C000D65F1 /* MetalKit.framework */; };
/* End PBXBuildFile section */

/* Begin PBXFileReference section */
		03076D4D1FE5BD0E00214571 /* HelloMetal.app */ = {isa = PBXFileReference; explicitFileType = wrapper.application; includeInIndex = 0; path = HelloMetal.app; sourceTree = BUILT_PRODUCTS_DIR; };
		03076D501FE5BD0E00214571 /* AppDelegate.swift */ = {isa = PBXFileReference; lastKnownFileType = sourcecode.swift; path = AppDelegate.swift; sourceTree = "<group>"; };
		03076D521FE5BD0E00214571 /* ViewController.swift */ = {isa = PBXFileReference; lastKnownFileType = sourcecode.swift; path = ViewController.swift; sourceTree = "<group>"; };
		03076D551FE5BD0E00214571 /* Base */ = {isa = PBXFileReference; lastKnownFileType = file.storyboard; name = Base; path = Base.lproj/Main.storyboard; sourceTree = "<group>"; };
		03076D571FE5BD0E00214571 /* Assets.xcassets */ = {isa = PBXFileReference; lastKnownFileType = folder.assetcatalog; path = Assets.xcassets; sourceTree = "<group>"; };
		03076D5A1FE5BD0E00214571 /* Base */ = {isa = PBXFileReference; lastKnownFileType = file.storyboard; name = Base; path = Base.lproj/LaunchScreen.storyboard; sourceTree = "<group>"; };
		03076D5C1FE5BD0E00214571 /* Info.plist */ = {isa = PBXFileReference; lastKnownFileType = text.plist.xml; path = Info.plist; sourceTree = "<group>"; };
		03076D621FE5C24700214571 /* Shader.metal */ = {isa = PBXFileReference; lastKnownFileType = sourcecode.metal; path = Shader.metal; sourceTree = "<group>"; };
		F90E8C491FE78ECD000D65F1 /* Metal.framework */ = {isa = PBXFileReference; lastKnownFileType = wrapper.framework; name = Metal.framework; path = System/Library/Frameworks/Metal.framework; sourceTree = SDKROOT; };
		F90E8C4B1FE78F5C000D65F1 /* MetalKit.framework */ = {isa = PBXFileReference; lastKnownFileType = wrapper.framework; name = MetalKit.framework; path = System/Library/Frameworks/MetalKit.framework; sourceTree = SDKROOT; };
/* End PBXFileReference section */

/* Begin PBXFrameworksBuildPhase section */
		03076D4A1FE5BD0E00214571 /* Frameworks */ = {
			isa = PBXFrameworksBuildPhase;
			buildActionMask = 2147483647;
			files = (
				F90E8C4C1FE78F5C000D65F1 /* MetalKit.framework in Frameworks */,
				F90E8C4A1FE78ECD000D65F1 /* Metal.framework in Frameworks */,
			);
			runOnlyForDeploymentPostprocessing = 0;
		};
/* End PBXFrameworksBuildPhase section */

/* Begin PBXGroup section */
		03076D441FE5BD0E00214571 = {
			isa = PBXGroup;
			children = (
				03076D4F1FE5BD0E00214571 /* HelloMetal */,
				03076D4E1FE5BD0E00214571 /* Products */,
				F90E8C481FE78ECD000D65F1 /* Frameworks */,
			);
			sourceTree = "<group>";
		};
		03076D4E1FE5BD0E00214571 /* Products */ = {
			isa = PBXGroup;
			children = (
				03076D4D1FE5BD0E00214571 /* HelloMetal.app */,
			);
			name = Products;
			sourceTree = "<group>";
		};
		03076D4F1FE5BD0E00214571 /* HelloMetal */ = {
			isa = PBXGroup;
			children = (
				03076D501FE5BD0E00214571 /* AppDelegate.swift */,
				03076D521FE5BD0E00214571 /* ViewController.swift */,
				03076D621FE5C24700214571 /* Shader.metal */,
				03076D541FE5BD0E00214571 /* Main.storyboard */,
				03076D571FE5BD0E00214571 /* Assets.xcassets */,
				03076D591FE5BD0E00214571 /* LaunchScreen.storyboard */,
				03076D5C1FE5BD0E00214571 /* Info.plist */,
			);
			path = HelloMetal;
			sourceTree = "<group>";
		};
		F90E8C481FE78ECD000D65F1 /* Frameworks */ = {
			isa = PBXGroup;
			children = (
				F90E8C4B1FE78F5C000D65F1 /* MetalKit.framework */,
				F90E8C491FE78ECD000D65F1 /* Metal.framework */,
			);
			name = Frameworks;
			sourceTree = "<group>";
		};
/* End PBXGroup section */

/* Begin PBXNativeTarget section */
		03076D4C1FE5BD0E00214571 /* HelloMetal */ = {
			isa = PBXNativeTarget;
			buildConfigurationList = 03076D5F1FE5BD0E00214571 /* Build configuration list for PBXNativeTarget "HelloMetal" */;
			buildPhases = (
				03076D491FE5BD0E00214571 /* Sources */,
				03076D4A1FE5BD0E00214571 /* Frameworks */,
				03076D4B1FE5BD0E00214571 /* Resources */,
			);
			buildRules = (
			);
			dependencies = (
			);
			name = HelloMetal;
			productName = HelloMetal;
			productReference = 03076D4D1FE5BD0E00214571 /* HelloMetal.app */;
			productType = "com.apple.product-type.application";
		};
/* End PBXNativeTarget section */

/* Begin PBXProject section */
		03076D451FE5BD0E00214571 /* Project object */ = {
			isa = PBXProject;
			attributes = {
				LastSwiftUpdateCheck = 0920;
				LastUpgradeCheck = 0920;
				ORGANIZATIONNAME = "David Garcia";
				TargetAttributes = {
					03076D4C1FE5BD0E00214571 = {
						CreatedOnToolsVersion = 9.2;
						ProvisioningStyle = Automatic;
					};
				};
			};
			buildConfigurationList = 03076D481FE5BD0E00214571 /* Build configuration list for PBXProject "HelloMetal 2" */;
			compatibilityVersion = "Xcode 8.0";
			developmentRegion = en;
			hasScannedForEncodings = 0;
			knownRegions = (
				en,
				Base,
			);
			mainGroup = 03076D441FE5BD0E00214571;
			productRefGroup = 03076D4E1FE5BD0E00214571 /* Products */;
			projectDirPath = "";
			projectRoot = "";
			targets = (
				03076D4C1FE5BD0E00214571 /* HelloMetal */,
			);
		};
/* End PBXProject section */

/* Begin PBXResourcesBuildPhase section */
		03076D4B1FE5BD0E00214571 /* Resources */ = {
			isa = PBXResourcesBuildPhase;
			buildActionMask = 2147483647;
			files = (
				03076D5B1FE5BD0E00214571 /* LaunchScreen.storyboard in Resources */,
				03076D581FE5BD0E00214571 /* Assets.xcassets in Resources */,
				03076D561FE5BD0E00214571 /* Main.storyboard in Resources */,
			);
			runOnlyForDeploymentPostprocessing = 0;
		};
/* End PBXResourcesBuildPhase section */

/* Begin PBXSourcesBuildPhase section */
		03076D491FE5BD0E00214571 /* Sources */ = {
			isa = PBXSourcesBuildPhase;
			buildActionMask = 2147483647;
			files = (
				03076D631FE5C24700214571 /* Shader.metal in Sources */,
				03076D531FE5BD0E00214571 /* ViewController.swift in Sources */,
				03076D511FE5BD0E00214571 /* AppDelegate.swift in Sources */,
			);
			runOnlyForDeploymentPostprocessing = 0;
		};
/* End PBXSourcesBuildPhase section */

/* Begin PBXVariantGroup section */
		03076D541FE5BD0E00214571 /* Main.storyboard */ = {
			isa = PBXVariantGroup;
			children = (
				03076D551FE5BD0E00214571 /* Base */,
			);
			name = Main.storyboard;
			sourceTree = "<group>";
		};
		03076D591FE5BD0E00214571 /* LaunchScreen.storyboard */ = {
			isa = PBXVariantGroup;
			children = (
				03076D5A1FE5BD0E00214571 /* Base */,
			);
			name = LaunchScreen.storyboard;
			sourceTree = "<group>";
		};
/* End PBXVariantGroup section */

/* Begin XCBuildConfiguration section */
		03076D5D1FE5BD0E00214571 /* Debug */ = {
			isa = XCBuildConfiguration;
			buildSettings = {
				ALWAYS_SEARCH_USER_PATHS = NO;
				CLANG_ANALYZER_NONNULL = YES;
				CLANG_ANALYZER_NUMBER_OBJECT_CONVERSION = YES_AGGRESSIVE;
				CLANG_CXX_LANGUAGE_STANDARD = "gnu++14";
				CLANG_CXX_LIBRARY = "libc++";
				CLANG_ENABLE_MODULES = YES;
				CLANG_ENABLE_OBJC_ARC = YES;
				CLANG_WARN_BLOCK_CAPTURE_AUTORELEASING = YES;
				CLANG_WARN_BOOL_CONVERSION = YES;
				CLANG_WARN_COMMA = YES;
				CLANG_WARN_CONSTANT_CONVERSION = YES;
				CLANG_WARN_DIRECT_OBJC_ISA_USAGE = YES_ERROR;
				CLANG_WARN_DOCUMENTATION_COMMENTS = YES;
				CLANG_WARN_EMPTY_BODY = YES;
				CLANG_WARN_ENUM_CONVERSION = YES;
				CLANG_WARN_INFINITE_RECURSION = YES;
				CLANG_WARN_INT_CONVERSION = YES;
				CLANG_WARN_NON_LITERAL_NULL_CONVERSION = YES;
				CLANG_WARN_OBJC_LITERAL_CONVERSION = YES;
				CLANG_WARN_OBJC_ROOT_CLASS = YES_ERROR;
				CLANG_WARN_RANGE_LOOP_ANALYSIS = YES;
				CLANG_WARN_STRICT_PROTOTYPES = YES;
				CLANG_WARN_SUSPICIOUS_MOVE = YES;
				CLANG_WARN_UNGUARDED_AVAILABILITY = YES_AGGRESSIVE;
				CLANG_WARN_UNREACHABLE_CODE = YES;
				CLANG_WARN__DUPLICATE_METHOD_MATCH = YES;
				CODE_SIGN_IDENTITY = "iPhone Developer";
				COPY_PHASE_STRIP = NO;
				DEBUG_INFORMATION_FORMAT = dwarf;
				ENABLE_STRICT_OBJC_MSGSEND = YES;
				ENABLE_TESTABILITY = YES;
				GCC_C_LANGUAGE_STANDARD = gnu11;
				GCC_DYNAMIC_NO_PIC = NO;
				GCC_NO_COMMON_BLOCKS = YES;
				GCC_OPTIMIZATION_LEVEL = 0;
				GCC_PREPROCESSOR_DEFINITIONS = (
					"DEBUG=1",
					"$(inherited)",
				);
				GCC_WARN_64_TO_32_BIT_CONVERSION = YES;
				GCC_WARN_ABOUT_RETURN_TYPE = YES_ERROR;
				GCC_WARN_UNDECLARED_SELECTOR = YES;
				GCC_WARN_UNINITIALIZED_AUTOS = YES_AGGRESSIVE;
				GCC_WARN_UNUSED_FUNCTION = YES;
				GCC_WARN_UNUSED_VARIABLE = YES;
				IPHONEOS_DEPLOYMENT_TARGET = 11.2;
				MTL_ENABLE_DEBUG_INFO = YES;
				ONLY_ACTIVE_ARCH = YES;
				SDKROOT = iphoneos;
				SWIFT_ACTIVE_COMPILATION_CONDITIONS = DEBUG;
				SWIFT_OPTIMIZATION_LEVEL = "-Onone";
			};
			name = Debug;
		};
		03076D5E1FE5BD0E00214571 /* Release */ = {
			isa = XCBuildConfiguration;
			buildSettings = {
				ALWAYS_SEARCH_USER_PATHS = NO;
				CLANG_ANALYZER_NONNULL = YES;
				CLANG_ANALYZER_NUMBER_OBJECT_CONVERSION = YES_AGGRESSIVE;
				CLANG_CXX_LANGUAGE_STANDARD = "gnu++14";
				CLANG_CXX_LIBRARY = "libc++";
				CLANG_ENABLE_MODULES = YES;
				CLANG_ENABLE_OBJC_ARC = YES;
				CLANG_WARN_BLOCK_CAPTURE_AUTORELEASING = YES;
				CLANG_WARN_BOOL_CONVERSION = YES;
				CLANG_WARN_COMMA = YES;
				CLANG_WARN_CONSTANT_CONVERSION = YES;
				CLANG_WARN_DIRECT_OBJC_ISA_USAGE = YES_ERROR;
				CLANG_WARN_DOCUMENTATION_COMMENTS = YES;
				CLANG_WARN_EMPTY_BODY = YES;
				CLANG_WARN_ENUM_CONVERSION = YES;
				CLANG_WARN_INFINITE_RECURSION = YES;
				CLANG_WARN_INT_CONVERSION = YES;
				CLANG_WARN_NON_LITERAL_NULL_CONVERSION = YES;
				CLANG_WARN_OBJC_LITERAL_CONVERSION = YES;
				CLANG_WARN_OBJC_ROOT_CLASS = YES_ERROR;
				CLANG_WARN_RANGE_LOOP_ANALYSIS = YES;
				CLANG_WARN_STRICT_PROTOTYPES = YES;
				CLANG_WARN_SUSPICIOUS_MOVE = YES;
				CLANG_WARN_UNGUARDED_AVAILABILITY = YES_AGGRESSIVE;
				CLANG_WARN_UNREACHABLE_CODE = YES;
				CLANG_WARN__DUPLICATE_METHOD_MATCH = YES;
				CODE_SIGN_IDENTITY = "iPhone Developer";
				COPY_PHASE_STRIP = NO;
				DEBUG_INFORMATION_FORMAT = "dwarf-with-dsym";
				ENABLE_NS_ASSERTIONS = NO;
				ENABLE_STRICT_OBJC_MSGSEND = YES;
				GCC_C_LANGUAGE_STANDARD = gnu11;
				GCC_NO_COMMON_BLOCKS = YES;
				GCC_WARN_64_TO_32_BIT_CONVERSION = YES;
				GCC_WARN_ABOUT_RETURN_TYPE = YES_ERROR;
				GCC_WARN_UNDECLARED_SELECTOR = YES;
				GCC_WARN_UNINITIALIZED_AUTOS = YES_AGGRESSIVE;
				GCC_WARN_UNUSED_FUNCTION = YES;
				GCC_WARN_UNUSED_VARIABLE = YES;
				IPHONEOS_DEPLOYMENT_TARGET = 11.2;
				MTL_ENABLE_DEBUG_INFO = NO;
				SDKROOT = iphoneos;
				SWIFT_OPTIMIZATION_LEVEL = "-Owholemodule";
				VALIDATE_PRODUCT = YES;
			};
			name = Release;
		};
		03076D601FE5BD0E00214571 /* Debug */ = {
			isa = XCBuildConfiguration;
			buildSettings = {
				ASSETCATALOG_COMPILER_APPICON_NAME = AppIcon;
				CODE_SIGN_STYLE = Automatic;
				DEVELOPMENT_TEAM = U399TLZYHU;
				INFOPLIST_FILE = HelloMetal/Info.plist;
				IPHONEOS_DEPLOYMENT_TARGET = 11.1;
				LD_RUNPATH_SEARCH_PATHS = "$(inherited) @executable_path/Frameworks";
				PRODUCT_BUNDLE_IDENTIFIER = liquidMetal.HelloMetal;
				PRODUCT_NAME = "$(TARGET_NAME)";
				SWIFT_VERSION = 4.0;
				TARGETED_DEVICE_FAMILY = "1,2";
			};
			name = Debug;
		};
		03076D611FE5BD0E00214571 /* Release */ = {
			isa = XCBuildConfiguration;
			buildSettings = {
				ASSETCATALOG_COMPILER_APPICON_NAME = AppIcon;
				CODE_SIGN_STYLE = Automatic;
				DEVELOPMENT_TEAM = U399TLZYHU;
				INFOPLIST_FILE = HelloMetal/Info.plist;
				IPHONEOS_DEPLOYMENT_TARGET = 11.1;
				LD_RUNPATH_SEARCH_PATHS = "$(inherited) @executable_path/Frameworks";
				PRODUCT_BUNDLE_IDENTIFIER = liquidMetal.HelloMetal;
				PRODUCT_NAME = "$(TARGET_NAME)";
				SWIFT_VERSION = 4.0;
				TARGETED_DEVICE_FAMILY = "1,2";
			};
			name = Release;
		};
/* End XCBuildConfiguration section */

/* Begin XCConfigurationList section */
		03076D481FE5BD0E00214571 /* Build configuration list for PBXProject "HelloMetal 2" */ = {
			isa = XCConfigurationList;
			buildConfigurations = (
				03076D5D1FE5BD0E00214571 /* Debug */,
				03076D5E1FE5BD0E00214571 /* Release */,
			);
			defaultConfigurationIsVisible = 0;
			defaultConfigurationName = Release;
		};
		03076D5F1FE5BD0E00214571 /* Build configuration list for PBXNativeTarget "HelloMetal" */ = {
			isa = XCConfigurationList;
			buildConfigurations = (
				03076D601FE5BD0E00214571 /* Debug */,
				03076D611FE5BD0E00214571 /* Release */,
			);
			defaultConfigurationIsVisible = 0;
			defaultConfigurationName = Release;
		};
/* End XCConfigurationList section */
	};
	rootObject = 03076D451FE5BD0E00214571 /* Project object */;
}
